// !$*UTF8*$!
{
	archiveVersion = 1;
	classes = {
	};
	objectVersion = 46;
	objects = {

/* Begin PBXBuildFile section */
		2D1CD1602026A6A400B35531 /* AppDelegate.swift in Sources */ = {isa = PBXBuildFile; fileRef = 2D1CD15F2026A6A400B35531 /* AppDelegate.swift */; };
		2D1CD1622026A6A400B35531 /* ViewController.swift in Sources */ = {isa = PBXBuildFile; fileRef = 2D1CD1612026A6A400B35531 /* ViewController.swift */; };
		2D1CD1652026A6A400B35531 /* Main.storyboard in Resources */ = {isa = PBXBuildFile; fileRef = 2D1CD1632026A6A400B35531 /* Main.storyboard */; };
		2D1CD1672026A6A400B35531 /* Assets.xcassets in Resources */ = {isa = PBXBuildFile; fileRef = 2D1CD1662026A6A400B35531 /* Assets.xcassets */; };
		2D1CD16A2026A6A400B35531 /* LaunchScreen.storyboard in Resources */ = {isa = PBXBuildFile; fileRef = 2D1CD1682026A6A400B35531 /* LaunchScreen.storyboard */; };
		2D1CD1752026A6A500B35531 /* ChickenNuggetTests.swift in Sources */ = {isa = PBXBuildFile; fileRef = 2D1CD1742026A6A500B35531 /* ChickenNuggetTests.swift */; };
		2D1CD1802026A6A500B35531 /* ChickenNuggetUITests.swift in Sources */ = {isa = PBXBuildFile; fileRef = 2D1CD17F2026A6A500B35531 /* ChickenNuggetUITests.swift */; };
/* End PBXBuildFile section */

/* Begin PBXContainerItemProxy section */
		2D1CD1712026A6A500B35531 /* PBXContainerItemProxy */ = {
			isa = PBXContainerItemProxy;
			containerPortal = 2D1CD1542026A6A400B35531 /* Project object */;
			proxyType = 1;
			remoteGlobalIDString = 2D1CD15B2026A6A400B35531;
			remoteInfo = ChickenNugget;
		};
		2D1CD17C2026A6A500B35531 /* PBXContainerItemProxy */ = {
			isa = PBXContainerItemProxy;
			containerPortal = 2D1CD1542026A6A400B35531 /* Project object */;
			proxyType = 1;
			remoteGlobalIDString = 2D1CD15B2026A6A400B35531;
			remoteInfo = ChickenNugget;
		};
/* End PBXContainerItemProxy section */

/* Begin PBXFileReference section */
		2D1CD15C2026A6A400B35531 /* ChickenNugget.app */ = {isa = PBXFileReference; explicitFileType = wrapper.application; includeInIndex = 0; path = ChickenNugget.app; sourceTree = BUILT_PRODUCTS_DIR; };
		2D1CD15F2026A6A400B35531 /* AppDelegate.swift */ = {isa = PBXFileReference; lastKnownFileType = sourcecode.swift; path = AppDelegate.swift; sourceTree = "<group>"; };
		2D1CD1612026A6A400B35531 /* ViewController.swift */ = {isa = PBXFileReference; lastKnownFileType = sourcecode.swift; path = ViewController.swift; sourceTree = "<group>"; };
		2D1CD1642026A6A400B35531 /* Base */ = {isa = PBXFileReference; lastKnownFileType = file.storyboard; name = Base; path = Base.lproj/Main.storyboard; sourceTree = "<group>"; };
		2D1CD1662026A6A400B35531 /* Assets.xcassets */ = {isa = PBXFileReference; lastKnownFileType = folder.assetcatalog; path = Assets.xcassets; sourceTree = "<group>"; };
		2D1CD1692026A6A400B35531 /* Base */ = {isa = PBXFileReference; lastKnownFileType = file.storyboard; name = Base; path = Base.lproj/LaunchScreen.storyboard; sourceTree = "<group>"; };
		2D1CD16B2026A6A400B35531 /* Info.plist */ = {isa = PBXFileReference; lastKnownFileType = text.plist.xml; path = Info.plist; sourceTree = "<group>"; };
		2D1CD1702026A6A500B35531 /* ChickenNuggetTests.xctest */ = {isa = PBXFileReference; explicitFileType = wrapper.cfbundle; includeInIndex = 0; path = ChickenNuggetTests.xctest; sourceTree = BUILT_PRODUCTS_DIR; };
		2D1CD1742026A6A500B35531 /* ChickenNuggetTests.swift */ = {isa = PBXFileReference; lastKnownFileType = sourcecode.swift; path = ChickenNuggetTests.swift; sourceTree = "<group>"; };
		2D1CD1762026A6A500B35531 /* Info.plist */ = {isa = PBXFileReference; lastKnownFileType = text.plist.xml; path = Info.plist; sourceTree = "<group>"; };
		2D1CD17B2026A6A500B35531 /* ChickenNuggetUITests.xctest */ = {isa = PBXFileReference; explicitFileType = wrapper.cfbundle; includeInIndex = 0; path = ChickenNuggetUITests.xctest; sourceTree = BUILT_PRODUCTS_DIR; };
		2D1CD17F2026A6A500B35531 /* ChickenNuggetUITests.swift */ = {isa = PBXFileReference; lastKnownFileType = sourcecode.swift; path = ChickenNuggetUITests.swift; sourceTree = "<group>"; };
		2D1CD1812026A6A500B35531 /* Info.plist */ = {isa = PBXFileReference; lastKnownFileType = text.plist.xml; path = Info.plist; sourceTree = "<group>"; };
/* End PBXFileReference section */

/* Begin PBXFrameworksBuildPhase section */
		2D1CD1592026A6A400B35531 /* Frameworks */ = {
			isa = PBXFrameworksBuildPhase;
			buildActionMask = 2147483647;
			files = (
			);
			runOnlyForDeploymentPostprocessing = 0;
		};
		2D1CD16D2026A6A500B35531 /* Frameworks */ = {
			isa = PBXFrameworksBuildPhase;
			buildActionMask = 2147483647;
			files = (
			);
			runOnlyForDeploymentPostprocessing = 0;
		};
		2D1CD1782026A6A500B35531 /* Frameworks */ = {
			isa = PBXFrameworksBuildPhase;
			buildActionMask = 2147483647;
			files = (
			);
			runOnlyForDeploymentPostprocessing = 0;
		};
/* End PBXFrameworksBuildPhase section */

/* Begin PBXGroup section */
		2D1CD1532026A6A400B35531 = {
			isa = PBXGroup;
			children = (
				2D1CD15E2026A6A400B35531 /* ChickenNugget */,
				2D1CD1732026A6A500B35531 /* ChickenNuggetTests */,
				2D1CD17E2026A6A500B35531 /* ChickenNuggetUITests */,
				2D1CD15D2026A6A400B35531 /* Products */,
			);
			sourceTree = "<group>";
		};
		2D1CD15D2026A6A400B35531 /* Products */ = {
			isa = PBXGroup;
			children = (
				2D1CD15C2026A6A400B35531 /* ChickenNugget.app */,
				2D1CD1702026A6A500B35531 /* ChickenNuggetTests.xctest */,
				2D1CD17B2026A6A500B35531 /* ChickenNuggetUITests.xctest */,
			);
			name = Products;
			sourceTree = "<group>";
		};
		2D1CD15E2026A6A400B35531 /* ChickenNugget */ = {
			isa = PBXGroup;
			children = (
				2D1CD15F2026A6A400B35531 /* AppDelegate.swift */,
				2D1CD1612026A6A400B35531 /* ViewController.swift */,
				2D1CD1632026A6A400B35531 /* Main.storyboard */,
				2D1CD1662026A6A400B35531 /* Assets.xcassets */,
				2D1CD1682026A6A400B35531 /* LaunchScreen.storyboard */,
				2D1CD16B2026A6A400B35531 /* Info.plist */,
			);
			path = ChickenNugget;
			sourceTree = "<group>";
		};
		2D1CD1732026A6A500B35531 /* ChickenNuggetTests */ = {
			isa = PBXGroup;
			children = (
				2D1CD1742026A6A500B35531 /* ChickenNuggetTests.swift */,
				2D1CD1762026A6A500B35531 /* Info.plist */,
			);
			path = ChickenNuggetTests;
			sourceTree = "<group>";
		};
		2D1CD17E2026A6A500B35531 /* ChickenNuggetUITests */ = {
			isa = PBXGroup;
			children = (
				2D1CD17F2026A6A500B35531 /* ChickenNuggetUITests.swift */,
				2D1CD1812026A6A500B35531 /* Info.plist */,
			);
			path = ChickenNuggetUITests;
			sourceTree = "<group>";
		};
/* End PBXGroup section */

/* Begin PBXNativeTarget section */
		2D1CD15B2026A6A400B35531 /* ChickenNugget */ = {
			isa = PBXNativeTarget;
			buildConfigurationList = 2D1CD1842026A6A500B35531 /* Build configuration list for PBXNativeTarget "ChickenNugget" */;
			buildPhases = (
				2D1CD1582026A6A400B35531 /* Sources */,
				2D1CD1592026A6A400B35531 /* Frameworks */,
				2D1CD15A2026A6A400B35531 /* Resources */,
			);
			buildRules = (
			);
			dependencies = (
			);
			name = ChickenNugget;
			productName = ChickenNugget;
			productReference = 2D1CD15C2026A6A400B35531 /* ChickenNugget.app */;
			productType = "com.apple.product-type.application";
		};
		2D1CD16F2026A6A500B35531 /* ChickenNuggetTests */ = {
			isa = PBXNativeTarget;
			buildConfigurationList = 2D1CD1872026A6A500B35531 /* Build configuration list for PBXNativeTarget "ChickenNuggetTests" */;
			buildPhases = (
				2D1CD16C2026A6A500B35531 /* Sources */,
				2D1CD16D2026A6A500B35531 /* Frameworks */,
				2D1CD16E2026A6A500B35531 /* Resources */,
			);
			buildRules = (
			);
			dependencies = (
				2D1CD1722026A6A500B35531 /* PBXTargetDependency */,
			);
			name = ChickenNuggetTests;
			productName = ChickenNuggetTests;
			productReference = 2D1CD1702026A6A500B35531 /* ChickenNuggetTests.xctest */;
			productType = "com.apple.product-type.bundle.unit-test";
		};
		2D1CD17A2026A6A500B35531 /* ChickenNuggetUITests */ = {
			isa = PBXNativeTarget;
			buildConfigurationList = 2D1CD18A2026A6A500B35531 /* Build configuration list for PBXNativeTarget "ChickenNuggetUITests" */;
			buildPhases = (
				2D1CD1772026A6A500B35531 /* Sources */,
				2D1CD1782026A6A500B35531 /* Frameworks */,
				2D1CD1792026A6A500B35531 /* Resources */,
			);
			buildRules = (
			);
			dependencies = (
				2D1CD17D2026A6A500B35531 /* PBXTargetDependency */,
			);
			name = ChickenNuggetUITests;
			productName = ChickenNuggetUITests;
			productReference = 2D1CD17B2026A6A500B35531 /* ChickenNuggetUITests.xctest */;
			productType = "com.apple.product-type.bundle.ui-testing";
		};
/* End PBXNativeTarget section */

/* Begin PBXProject section */
		2D1CD1542026A6A400B35531 /* Project object */ = {
			isa = PBXProject;
			attributes = {
				LastSwiftUpdateCheck = 0800;
				LastUpgradeCheck = 0800;
				ORGANIZATIONNAME = "Zahnae Aquino";
				TargetAttributes = {
					2D1CD15B2026A6A400B35531 = {
						CreatedOnToolsVersion = 8.0;
						ProvisioningStyle = Automatic;
					};
					2D1CD16F2026A6A500B35531 = {
						CreatedOnToolsVersion = 8.0;
						ProvisioningStyle = Automatic;
						TestTargetID = 2D1CD15B2026A6A400B35531;
					};
					2D1CD17A2026A6A500B35531 = {
						CreatedOnToolsVersion = 8.0;
						ProvisioningStyle = Automatic;
						TestTargetID = 2D1CD15B2026A6A400B35531;
					};
				};
			};
			buildConfigurationList = 2D1CD1572026A6A400B35531 /* Build configuration list for PBXProject "ChickenNugget" */;
			compatibilityVersion = "Xcode 3.2";
			developmentRegion = English;
			hasScannedForEncodings = 0;
			knownRegions = (
				en,
				Base,
			);
			mainGroup = 2D1CD1532026A6A400B35531;
			productRefGroup = 2D1CD15D2026A6A400B35531 /* Products */;
			projectDirPath = "";
			projectRoot = "";
			targets = (
				2D1CD15B2026A6A400B35531 /* ChickenNugget */,
				2D1CD16F2026A6A500B35531 /* ChickenNuggetTests */,
				2D1CD17A2026A6A500B35531 /* ChickenNuggetUITests */,
			);
		};
/* End PBXProject section */

/* Begin PBXResourcesBuildPhase section */
		2D1CD15A2026A6A400B35531 /* Resources */ = {
			isa = PBXResourcesBuildPhase;
			buildActionMask = 2147483647;
			files = (
				2D1CD16A2026A6A400B35531 /* LaunchScreen.storyboard in Resources */,
				2D1CD1672026A6A400B35531 /* Assets.xcassets in Resources */,
				2D1CD1652026A6A400B35531 /* Main.storyboard in Resources */,
			);
			runOnlyForDeploymentPostprocessing = 0;
		};
		2D1CD16E2026A6A500B35531 /* Resources */ = {
			isa = PBXResourcesBuildPhase;
			buildActionMask = 2147483647;
			files = (
			);
			runOnlyForDeploymentPostprocessing = 0;
		};
		2D1CD1792026A6A500B35531 /* Resources */ = {
			isa = PBXResourcesBuildPhase;
			buildActionMask = 2147483647;
			files = (
			);
			runOnlyForDeploymentPostprocessing = 0;
		};
/* End PBXResourcesBuildPhase section */

/* Begin PBXSourcesBuildPhase section */
		2D1CD1582026A6A400B35531 /* Sources */ = {
			isa = PBXSourcesBuildPhase;
			buildActionMask = 2147483647;
			files = (
				2D1CD1622026A6A400B35531 /* ViewController.swift in Sources */,
				2D1CD1602026A6A400B35531 /* AppDelegate.swift in Sources */,
			);
			runOnlyForDeploymentPostprocessing = 0;
		};
		2D1CD16C2026A6A500B35531 /* Sources */ = {
			isa = PBXSourcesBuildPhase;
			buildActionMask = 2147483647;
			files = (
				2D1CD1752026A6A500B35531 /* ChickenNuggetTests.swift in Sources */,
			);
			runOnlyForDeploymentPostprocessing = 0;
		};
		2D1CD1772026A6A500B35531 /* Sources */ = {
			isa = PBXSourcesBuildPhase;
			buildActionMask = 2147483647;
			files = (
				2D1CD1802026A6A500B35531 /* ChickenNuggetUITests.swift in Sources */,
			);
			runOnlyForDeploymentPostprocessing = 0;
		};
/* End PBXSourcesBuildPhase section */

/* Begin PBXTargetDependency section */
		2D1CD1722026A6A500B35531 /* PBXTargetDependency */ = {
			isa = PBXTargetDependency;
			target = 2D1CD15B2026A6A400B35531 /* ChickenNugget */;
			targetProxy = 2D1CD1712026A6A500B35531 /* PBXContainerItemProxy */;
		};
		2D1CD17D2026A6A500B35531 /* PBXTargetDependency */ = {
			isa = PBXTargetDependency;
			target = 2D1CD15B2026A6A400B35531 /* ChickenNugget */;
			targetProxy = 2D1CD17C2026A6A500B35531 /* PBXContainerItemProxy */;
		};
/* End PBXTargetDependency section */

/* Begin PBXVariantGroup section */
		2D1CD1632026A6A400B35531 /* Main.storyboard */ = {
			isa = PBXVariantGroup;
			children = (
				2D1CD1642026A6A400B35531 /* Base */,
			);
			name = Main.storyboard;
			sourceTree = "<group>";
		};
		2D1CD1682026A6A400B35531 /* LaunchScreen.storyboard */ = {
			isa = PBXVariantGroup;
			children = (
				2D1CD1692026A6A400B35531 /* Base */,
			);
			name = LaunchScreen.storyboard;
			sourceTree = "<group>";
		};
/* End PBXVariantGroup section */

/* Begin XCBuildConfiguration section */
		2D1CD1822026A6A500B35531 /* Debug */ = {
			isa = XCBuildConfiguration;
			buildSettings = {
				ALWAYS_SEARCH_USER_PATHS = NO;
				CLANG_ANALYZER_NONNULL = YES;
				CLANG_CXX_LANGUAGE_STANDARD = "gnu++0x";
				CLANG_CXX_LIBRARY = "libc++";
				CLANG_ENABLE_MODULES = YES;
				CLANG_ENABLE_OBJC_ARC = YES;
				CLANG_WARN_BOOL_CONVERSION = YES;
				CLANG_WARN_CONSTANT_CONVERSION = YES;
				CLANG_WARN_DIRECT_OBJC_ISA_USAGE = YES_ERROR;
				CLANG_WARN_DOCUMENTATION_COMMENTS = YES;
				CLANG_WARN_EMPTY_BODY = YES;
				CLANG_WARN_ENUM_CONVERSION = YES;
				CLANG_WARN_INFINITE_RECURSION = YES;
				CLANG_WARN_INT_CONVERSION = YES;
				CLANG_WARN_OBJC_ROOT_CLASS = YES_ERROR;
				CLANG_WARN_SUSPICIOUS_MOVES = YES;
				CLANG_WARN_UNREACHABLE_CODE = YES;
				CLANG_WARN__DUPLICATE_METHOD_MATCH = YES;
				"CODE_SIGN_IDENTITY[sdk=iphoneos*]" = "iPhone Developer";
				COPY_PHASE_STRIP = NO;
				DEBUG_INFORMATION_FORMAT = dwarf;
				ENABLE_STRICT_OBJC_MSGSEND = YES;
				ENABLE_TESTABILITY = YES;
				GCC_C_LANGUAGE_STANDARD = gnu99;
				GCC_DYNAMIC_NO_PIC = NO;
				GCC_NO_COMMON_BLOCKS = YES;
				GCC_OPTIMIZATION_LEVEL = 0;
				GCC_PREPROCESSOR_DEFINITIONS = (
					"DEBUG=1",
					"$(inherited)",
				);
				GCC_WARN_64_TO_32_BIT_CONVERSION = YES;
				GCC_WARN_ABOUT_RETURN_TYPE = YES_ERROR;
				GCC_WARN_UNDECLARED_SELECTOR = YES;
				GCC_WARN_UNINITIALIZED_AUTOS = YES_AGGRESSIVE;
				GCC_WARN_UNUSED_FUNCTION = YES;
				GCC_WARN_UNUSED_VARIABLE = YES;
				IPHONEOS_DEPLOYMENT_TARGET = 10.0;
				MTL_ENABLE_DEBUG_INFO = YES;
				ONLY_ACTIVE_ARCH = YES;
				SDKROOT = iphoneos;
				SWIFT_ACTIVE_COMPILATION_CONDITIONS = DEBUG;
				SWIFT_OPTIMIZATION_LEVEL = "-Onone";
			};
			name = Debug;
		};
		2D1CD1832026A6A500B35531 /* Release */ = {
			isa = XCBuildConfiguration;
			buildSettings = {
				ALWAYS_SEARCH_USER_PATHS = NO;
				CLANG_ANALYZER_NONNULL = YES;
				CLANG_CXX_LANGUAGE_STANDARD = "gnu++0x";
				CLANG_CXX_LIBRARY = "libc++";
				CLANG_ENABLE_MODULES = YES;
				CLANG_ENABLE_OBJC_ARC = YES;
				CLANG_WARN_BOOL_CONVERSION = YES;
				CLANG_WARN_CONSTANT_CONVERSION = YES;
				CLANG_WARN_DIRECT_OBJC_ISA_USAGE = YES_ERROR;
				CLANG_WARN_DOCUMENTATION_COMMENTS = YES;
				CLANG_WARN_EMPTY_BODY = YES;
				CLANG_WARN_ENUM_CONVERSION = YES;
				CLANG_WARN_INFINITE_RECURSION = YES;
				CLANG_WARN_INT_CONVERSION = YES;
				CLANG_WARN_OBJC_ROOT_CLASS = YES_ERROR;
				CLANG_WARN_SUSPICIOUS_MOVES = YES;
				CLANG_WARN_UNREACHABLE_CODE = YES;
				CLANG_WARN__DUPLICATE_METHOD_MATCH = YES;
				"CODE_SIGN_IDENTITY[sdk=iphoneos*]" = "iPhone Developer";
				COPY_PHASE_STRIP = NO;
				DEBUG_INFORMATION_FORMAT = "dwarf-with-dsym";
				ENABLE_NS_ASSERTIONS = NO;
				ENABLE_STRICT_OBJC_MSGSEND = YES;
				GCC_C_LANGUAGE_STANDARD = gnu99;
				GCC_NO_COMMON_BLOCKS = YES;
				GCC_WARN_64_TO_32_BIT_CONVERSION = YES;
				GCC_WARN_ABOUT_RETURN_TYPE = YES_ERROR;
				GCC_WARN_UNDECLARED_SELECTOR = YES;
				GCC_WARN_UNINITIALIZED_AUTOS = YES_AGGRESSIVE;
				GCC_WARN_UNUSED_FUNCTION = YES;
				GCC_WARN_UNUSED_VARIABLE = YES;
				IPHONEOS_DEPLOYMENT_TARGET = 10.0;
				MTL_ENABLE_DEBUG_INFO = NO;
				SDKROOT = iphoneos;
				SWIFT_OPTIMIZATION_LEVEL = "-Owholemodule";
				VALIDATE_PRODUCT = YES;
			};
			name = Release;
		};
		2D1CD1852026A6A500B35531 /* Debug */ = {
			isa = XCBuildConfiguration;
			buildSettings = {
				ASSETCATALOG_COMPILER_APPICON_NAME = AppIcon;
				INFOPLIST_FILE = ChickenNugget/Info.plist;
				LD_RUNPATH_SEARCH_PATHS = "$(inherited) @executable_path/Frameworks";
				PRODUCT_BUNDLE_IDENTIFIER = edu.polyappdev.ChickenNugget;
				PRODUCT_NAME = "$(TARGET_NAME)";
				SWIFT_VERSION = 3.0;
			};
			name = Debug;
		};
		2D1CD1862026A6A500B35531 /* Release */ = {
			isa = XCBuildConfiguration;
			buildSettings = {
				ASSETCATALOG_COMPILER_APPICON_NAME = AppIcon;
				INFOPLIST_FILE = ChickenNugget/Info.plist;
				LD_RUNPATH_SEARCH_PATHS = "$(inherited) @executable_path/Frameworks";
				PRODUCT_BUNDLE_IDENTIFIER = edu.polyappdev.ChickenNugget;
				PRODUCT_NAME = "$(TARGET_NAME)";
				SWIFT_VERSION = 3.0;
			};
			name = Release;
		};
		2D1CD1882026A6A500B35531 /* Debug */ = {
			isa = XCBuildConfiguration;
			buildSettings = {
				ALWAYS_EMBED_SWIFT_STANDARD_LIBRARIES = YES;
				BUNDLE_LOADER = "$(TEST_HOST)";
				INFOPLIST_FILE = ChickenNuggetTests/Info.plist;
				LD_RUNPATH_SEARCH_PATHS = "$(inherited) @executable_path/Frameworks @loader_path/Frameworks";
				PRODUCT_BUNDLE_IDENTIFIER = edu.polyappdev.ChickenNuggetTests;
				PRODUCT_NAME = "$(TARGET_NAME)";
				SWIFT_VERSION = 3.0;
				TEST_HOST = "$(BUILT_PRODUCTS_DIR)/ChickenNugget.app/ChickenNugget";
			};
			name = Debug;
		};
		2D1CD1892026A6A500B35531 /* Release */ = {
			isa = XCBuildConfiguration;
			buildSettings = {
				ALWAYS_EMBED_SWIFT_STANDARD_LIBRARIES = YES;
				BUNDLE_LOADER = "$(TEST_HOST)";
				INFOPLIST_FILE = ChickenNuggetTests/Info.plist;
				LD_RUNPATH_SEARCH_PATHS = "$(inherited) @executable_path/Frameworks @loader_path/Frameworks";
				PRODUCT_BUNDLE_IDENTIFIER = edu.polyappdev.ChickenNuggetTests;
				PRODUCT_NAME = "$(TARGET_NAME)";
				SWIFT_VERSION = 3.0;
				TEST_HOST = "$(BUILT_PRODUCTS_DIR)/ChickenNugget.app/ChickenNugget";
			};
			name = Release;
		};
		2D1CD18B2026A6A500B35531 /* Debug */ = {
			isa = XCBuildConfiguration;
			buildSettings = {
				ALWAYS_EMBED_SWIFT_STANDARD_LIBRARIES = YES;
				INFOPLIST_FILE = ChickenNuggetUITests/Info.plist;
				LD_RUNPATH_SEARCH_PATHS = "$(inherited) @executable_path/Frameworks @loader_path/Frameworks";
				PRODUCT_BUNDLE_IDENTIFIER = edu.polyappdev.ChickenNuggetUITests;
				PRODUCT_NAME = "$(TARGET_NAME)";
				SWIFT_VERSION = 3.0;
				TEST_TARGET_NAME = ChickenNugget;
			};
			name = Debug;
		};
		2D1CD18C2026A6A500B35531 /* Release */ = {
			isa = XCBuildConfiguration;
			buildSettings = {
				ALWAYS_EMBED_SWIFT_STANDARD_LIBRARIES = YES;
				INFOPLIST_FILE = ChickenNuggetUITests/Info.plist;
				LD_RUNPATH_SEARCH_PATHS = "$(inherited) @executable_path/Frameworks @loader_path/Frameworks";
				PRODUCT_BUNDLE_IDENTIFIER = edu.polyappdev.ChickenNuggetUITests;
				PRODUCT_NAME = "$(TARGET_NAME)";
				SWIFT_VERSION = 3.0;
				TEST_TARGET_NAME = ChickenNugget;
			};
			name = Release;
		};
/* End XCBuildConfiguration section */

/* Begin XCConfigurationList section */
		2D1CD1572026A6A400B35531 /* Build configuration list for PBXProject "ChickenNugget" */ = {
			isa = XCConfigurationList;
			buildConfigurations = (
				2D1CD1822026A6A500B35531 /* Debug */,
				2D1CD1832026A6A500B35531 /* Release */,
			);
			defaultConfigurationIsVisible = 0;
			defaultConfigurationName = Release;
		};
		2D1CD1842026A6A500B35531 /* Build configuration list for PBXNativeTarget "ChickenNugget" */ = {
			isa = XCConfigurationList;
			buildConfigurations = (
				2D1CD1852026A6A500B35531 /* Debug */,
				2D1CD1862026A6A500B35531 /* Release */,
			);
			defaultConfigurationIsVisible = 0;
		};
		2D1CD1872026A6A500B35531 /* Build configuration list for PBXNativeTarget "ChickenNuggetTests" */ = {
			isa = XCConfigurationList;
			buildConfigurations = (
				2D1CD1882026A6A500B35531 /* Debug */,
				2D1CD1892026A6A500B35531 /* Release */,
			);
			defaultConfigurationIsVisible = 0;
		};
		2D1CD18A2026A6A500B35531 /* Build configuration list for PBXNativeTarget "ChickenNuggetUITests" */ = {
			isa = XCConfigurationList;
			buildConfigurations = (
				2D1CD18B2026A6A500B35531 /* Debug */,
				2D1CD18C2026A6A500B35531 /* Release */,
			);
			defaultConfigurationIsVisible = 0;
		};
/* End XCConfigurationList section */
	};
	rootObject = 2D1CD1542026A6A400B35531 /* Project object */;
}
